
Microsoft Visual Studio Solution File, Format Version 12.00
# Visual Studio 15
VisualStudioVersion = 15.0.33403.129
MinimumVisualStudioVersion = 10.0.40219.1
Project("{FAE04EC0-301F-11D3-BF4B-00C04F79EFBC}") = "zad1", "ConsoleApp1\zad1.csproj", "{B4E2ECFD-AF08-4BAE-B32F-4F6537214217}"
EndProject
Project("{FAE04EC0-301F-11D3-BF4B-00C04F79EFBC}") = "zad2", "zad2\zad2.csproj", "{66E41A98-45A1-4F3F-8424-5762AB4265F3}"
EndProject
Project("{FAE04EC0-301F-11D3-BF4B-00C04F79EFBC}") = "zad3", "zad3\zad3.csproj", "{AB6FE159-5D68-41EE-B359-C0523F7B8EAF}"
EndProject
Project("{FAE04EC0-301F-11D3-BF4B-00C04F79EFBC}") = "zad4", "zad4\zad4.csproj", "{D8E95978-E502-49EA-9B00-2972B2D0EDAB}"
EndProject
Project("{FAE04EC0-301F-11D3-BF4B-00C04F79EFBC}") = "zad5", "zad5\zad5.csproj", "{3A6B0448-2D6A-4787-B668-98B74ECCD234}"
EndProject
Global
	GlobalSection(SolutionConfigurationPlatforms) = preSolution
		Debug|Any CPU = Debug|Any CPU
		Release|Any CPU = Release|Any CPU
	EndGlobalSection
	GlobalSection(ProjectConfigurationPlatforms) = postSolution
		{B4E2ECFD-AF08-4BAE-B32F-4F6537214217}.Debug|Any CPU.ActiveCfg = Debug|Any CPU
		{B4E2ECFD-AF08-4BAE-B32F-4F6537214217}.Debug|Any CPU.Build.0 = Debug|Any CPU
		{B4E2ECFD-AF08-4BAE-B32F-4F6537214217}.Release|Any CPU.ActiveCfg = Release|Any CPU
		{B4E2ECFD-AF08-4BAE-B32F-4F6537214217}.Release|Any CPU.Build.0 = Release|Any CPU
		{66E41A98-45A1-4F3F-8424-5762AB4265F3}.Debug|Any CPU.ActiveCfg = Debug|Any CPU
		{66E41A98-45A1-4F3F-8424-5762AB4265F3}.Debug|Any CPU.Build.0 = Debug|Any CPU
		{66E41A98-45A1-4F3F-8424-5762AB4265F3}.Release|Any CPU.ActiveCfg = Release|Any CPU
		{66E41A98-45A1-4F3F-8424-5762AB4265F3}.Release|Any CPU.Build.0 = Release|Any CPU
		{AB6FE159-5D68-41EE-B359-C0523F7B8EAF}.Debug|Any CPU.ActiveCfg = Debug|Any CPU
		{AB6FE159-5D68-41EE-B359-C0523F7B8EAF}.Debug|Any CPU.Build.0 = Debug|Any CPU
		{AB6FE159-5D68-41EE-B359-C0523F7B8EAF}.Release|Any CPU.ActiveCfg = Release|Any CPU
		{AB6FE159-5D68-41EE-B359-C0523F7B8EAF}.Release|Any CPU.Build.0 = Release|Any CPU
		{D8E95978-E502-49EA-9B00-2972B2D0EDAB}.Debug|Any CPU.ActiveCfg = Debug|Any CPU
		{D8E95978-E502-49EA-9B00-2972B2D0EDAB}.Debug|Any CPU.Build.0 = Debug|Any CPU
		{D8E95978-E502-49EA-9B00-2972B2D0EDAB}.Release|Any CPU.ActiveCfg = Release|Any CPU
		{D8E95978-E502-49EA-9B00-2972B2D0EDAB}.Release|Any CPU.Build.0 = Release|Any CPU
		{3A6B0448-2D6A-4787-B668-98B74ECCD234}.Debug|Any CPU.ActiveCfg = Debug|Any CPU
		{3A6B0448-2D6A-4787-B668-98B74ECCD234}.Debug|Any CPU.Build.0 = Debug|Any CPU
		{3A6B0448-2D6A-4787-B668-98B74ECCD234}.Release|Any CPU.ActiveCfg = Release|Any CPU
		{3A6B0448-2D6A-4787-B668-98B74ECCD234}.Release|Any CPU.Build.0 = Release|Any CPU
	EndGlobalSection
	GlobalSection(SolutionProperties) = preSolution
		HideSolutionNode = FALSE
	EndGlobalSection
	GlobalSection(ExtensibilityGlobals) = postSolution
		SolutionGuid = {584D70AC-D15D-442C-BD9E-1668112D23F7}
	EndGlobalSection
EndGlobal
